// !$*UTF8*$!
{
	archiveVersion = 1;
	classes = {
	};
	objectVersion = 50;
	objects = {

/* Begin PBXBuildFile section */
		97BD862524B374A400E408DD /* AppDelegate.swift in Sources */ = {isa = PBXBuildFile; fileRef = 97BD862424B374A400E408DD /* AppDelegate.swift */; };
		97BD862724B374A400E408DD /* SceneDelegate.swift in Sources */ = {isa = PBXBuildFile; fileRef = 97BD862624B374A400E408DD /* SceneDelegate.swift */; };
		97BD862924B374A400E408DD /* ContentView.swift in Sources */ = {isa = PBXBuildFile; fileRef = 97BD862824B374A400E408DD /* ContentView.swift */; };
		97BD862B24B374AC00E408DD /* Assets.xcassets in Resources */ = {isa = PBXBuildFile; fileRef = 97BD862A24B374AC00E408DD /* Assets.xcassets */; };
		97BD862E24B374AC00E408DD /* Preview Assets.xcassets in Resources */ = {isa = PBXBuildFile; fileRef = 97BD862D24B374AC00E408DD /* Preview Assets.xcassets */; };
		97BD863124B374AC00E408DD /* LaunchScreen.storyboard in Resources */ = {isa = PBXBuildFile; fileRef = 97BD862F24B374AC00E408DD /* LaunchScreen.storyboard */; };
		97BD863924B3811B00E408DD /* CustomActivityIndicator.swift in Sources */ = {isa = PBXBuildFile; fileRef = 97BD863824B3811B00E408DD /* CustomActivityIndicator.swift */; };
/* End PBXBuildFile section */

/* Begin PBXFileReference section */
		97BD862124B374A400E408DD /* CustomActivityIndicatorSwiftUI.app */ = {isa = PBXFileReference; explicitFileType = wrapper.application; includeInIndex = 0; path = CustomActivityIndicatorSwiftUI.app; sourceTree = BUILT_PRODUCTS_DIR; };
		97BD862424B374A400E408DD /* AppDelegate.swift */ = {isa = PBXFileReference; lastKnownFileType = sourcecode.swift; path = AppDelegate.swift; sourceTree = "<group>"; };
		97BD862624B374A400E408DD /* SceneDelegate.swift */ = {isa = PBXFileReference; lastKnownFileType = sourcecode.swift; path = SceneDelegate.swift; sourceTree = "<group>"; };
		97BD862824B374A400E408DD /* ContentView.swift */ = {isa = PBXFileReference; lastKnownFileType = sourcecode.swift; path = ContentView.swift; sourceTree = "<group>"; };
		97BD862A24B374AC00E408DD /* Assets.xcassets */ = {isa = PBXFileReference; lastKnownFileType = folder.assetcatalog; path = Assets.xcassets; sourceTree = "<group>"; };
		97BD862D24B374AC00E408DD /* Preview Assets.xcassets */ = {isa = PBXFileReference; lastKnownFileType = folder.assetcatalog; path = "Preview Assets.xcassets"; sourceTree = "<group>"; };
		97BD863024B374AC00E408DD /* Base */ = {isa = PBXFileReference; lastKnownFileType = file.storyboard; name = Base; path = Base.lproj/LaunchScreen.storyboard; sourceTree = "<group>"; };
		97BD863224B374AC00E408DD /* Info.plist */ = {isa = PBXFileReference; lastKnownFileType = text.plist.xml; path = Info.plist; sourceTree = "<group>"; };
		97BD863824B3811B00E408DD /* CustomActivityIndicator.swift */ = {isa = PBXFileReference; lastKnownFileType = sourcecode.swift; path = CustomActivityIndicator.swift; sourceTree = "<group>"; };
/* End PBXFileReference section */

/* Begin PBXFrameworksBuildPhase section */
		97BD861E24B374A400E408DD /* Frameworks */ = {
			isa = PBXFrameworksBuildPhase;
			buildActionMask = 2147483647;
			files = (
			);
			runOnlyForDeploymentPostprocessing = 0;
		};
/* End PBXFrameworksBuildPhase section */

/* Begin PBXGroup section */
		97BD861824B374A400E408DD = {
			isa = PBXGroup;
			children = (
				97BD862324B374A400E408DD /* CustomActivityIndicatorSwiftUI */,
				97BD862224B374A400E408DD /* Products */,
			);
			sourceTree = "<group>";
		};
		97BD862224B374A400E408DD /* Products */ = {
			isa = PBXGroup;
			children = (
				97BD862124B374A400E408DD /* CustomActivityIndicatorSwiftUI.app */,
			);
			name = Products;
			sourceTree = "<group>";
		};
		97BD862324B374A400E408DD /* CustomActivityIndicatorSwiftUI */ = {
			isa = PBXGroup;
			children = (
				97BD862424B374A400E408DD /* AppDelegate.swift */,
				97BD862624B374A400E408DD /* SceneDelegate.swift */,
				97BD862824B374A400E408DD /* ContentView.swift */,
				97BD863824B3811B00E408DD /* CustomActivityIndicator.swift */,
				97BD862A24B374AC00E408DD /* Assets.xcassets */,
				97BD862F24B374AC00E408DD /* LaunchScreen.storyboard */,
				97BD863224B374AC00E408DD /* Info.plist */,
				97BD862C24B374AC00E408DD /* Preview Content */,
			);
			path = CustomActivityIndicatorSwiftUI;
			sourceTree = "<group>";
		};
		97BD862C24B374AC00E408DD /* Preview Content */ = {
			isa = PBXGroup;
			children = (
				97BD862D24B374AC00E408DD /* Preview Assets.xcassets */,
			);
			path = "Preview Content";
			sourceTree = "<group>";
		};
/* End PBXGroup section */

/* Begin PBXNativeTarget section */
		97BD862024B374A400E408DD /* CustomActivityIndicatorSwiftUI */ = {
			isa = PBXNativeTarget;
			buildConfigurationList = 97BD863524B374AC00E408DD /* Build configuration list for PBXNativeTarget "CustomActivityIndicatorSwiftUI" */;
			buildPhases = (
				97BD861D24B374A400E408DD /* Sources */,
				97BD861E24B374A400E408DD /* Frameworks */,
				97BD861F24B374A400E408DD /* Resources */,
			);
			buildRules = (
			);
			dependencies = (
			);
			name = CustomActivityIndicatorSwiftUI;
			productName = CustomActivityIndicatorSwiftUI;
			productReference = 97BD862124B374A400E408DD /* CustomActivityIndicatorSwiftUI.app */;
			productType = "com.apple.product-type.application";
		};
/* End PBXNativeTarget section */

/* Begin PBXProject section */
		97BD861924B374A400E408DD /* Project object */ = {
			isa = PBXProject;
			attributes = {
				LastSwiftUpdateCheck = 1150;
				LastUpgradeCheck = 1150;
				ORGANIZATIONNAME = "Puspank Kumar";
				TargetAttributes = {
					97BD862024B374A400E408DD = {
						CreatedOnToolsVersion = 11.5;
					};
				};
			};
			buildConfigurationList = 97BD861C24B374A400E408DD /* Build configuration list for PBXProject "CustomActivityIndicatorSwiftUI" */;
			compatibilityVersion = "Xcode 9.3";
			developmentRegion = en;
			hasScannedForEncodings = 0;
			knownRegions = (
				en,
				Base,
			);
			mainGroup = 97BD861824B374A400E408DD;
			productRefGroup = 97BD862224B374A400E408DD /* Products */;
			projectDirPath = "";
			projectRoot = "";
			targets = (
				97BD862024B374A400E408DD /* CustomActivityIndicatorSwiftUI */,
			);
		};
/* End PBXProject section */

/* Begin PBXResourcesBuildPhase section */
		97BD861F24B374A400E408DD /* Resources */ = {
			isa = PBXResourcesBuildPhase;
			buildActionMask = 2147483647;
			files = (
				97BD863124B374AC00E408DD /* LaunchScreen.storyboard in Resources */,
				97BD862E24B374AC00E408DD /* Preview Assets.xcassets in Resources */,
				97BD862B24B374AC00E408DD /* Assets.xcassets in Resources */,
			);
			runOnlyForDeploymentPostprocessing = 0;
		};
/* End PBXResourcesBuildPhase section */

/* Begin PBXSourcesBuildPhase section */
		97BD861D24B374A400E408DD /* Sources */ = {
			isa = PBXSourcesBuildPhase;
			buildActionMask = 2147483647;
			files = (
				97BD862524B374A400E408DD /* AppDelegate.swift in Sources */,
				97BD863924B3811B00E408DD /* CustomActivityIndicator.swift in Sources */,
				97BD862724B374A400E408DD /* SceneDelegate.swift in Sources */,
				97BD862924B374A400E408DD /* ContentView.swift in Sources */,
			);
			runOnlyForDeploymentPostprocessing = 0;
		};
/* End PBXSourcesBuildPhase section */

/* Begin PBXVariantGroup section */
		97BD862F24B374AC00E408DD /* LaunchScreen.storyboard */ = {
			isa = PBXVariantGroup;
			children = (
				97BD863024B374AC00E408DD /* Base */,
			);
			name = LaunchScreen.storyboard;
			sourceTree = "<group>";
		};
/* End PBXVariantGroup section */

/* Begin XCBuildConfiguration section */
		97BD863324B374AC00E408DD /* Debug */ = {
			isa = XCBuildConfiguration;
			buildSettings = {
				ALWAYS_SEARCH_USER_PATHS = NO;
				CLANG_ANALYZER_NONNULL = YES;
				CLANG_ANALYZER_NUMBER_OBJECT_CONVERSION = YES_AGGRESSIVE;
				CLANG_CXX_LANGUAGE_STANDARD = "gnu++14";
				CLANG_CXX_LIBRARY = "libc++";
				CLANG_ENABLE_MODULES = YES;
				CLANG_ENABLE_OBJC_ARC = YES;
				CLANG_ENABLE_OBJC_WEAK = YES;
				CLANG_WARN_BLOCK_CAPTURE_AUTORELEASING = YES;
				CLANG_WARN_BOOL_CONVERSION = YES;
				CLANG_WARN_COMMA = YES;
				CLANG_WARN_CONSTANT_CONVERSION = YES;
				CLANG_WARN_DEPRECATED_OBJC_IMPLEMENTATIONS = YES;
				CLANG_WARN_DIRECT_OBJC_ISA_USAGE = YES_ERROR;
				CLANG_WARN_DOCUMENTATION_COMMENTS = YES;
				CLANG_WARN_EMPTY_BODY = YES;
				CLANG_WARN_ENUM_CONVERSION = YES;
				CLANG_WARN_INFINITE_RECURSION = YES;
				CLANG_WARN_INT_CONVERSION = YES;
				CLANG_WARN_NON_LITERAL_NULL_CONVERSION = YES;
				CLANG_WARN_OBJC_IMPLICIT_RETAIN_SELF = YES;
				CLANG_WARN_OBJC_LITERAL_CONVERSION = YES;
				CLANG_WARN_OBJC_ROOT_CLASS = YES_ERROR;
				CLANG_WARN_RANGE_LOOP_ANALYSIS = YES;
				CLANG_WARN_STRICT_PROTOTYPES = YES;
				CLANG_WARN_SUSPICIOUS_MOVE = YES;
				CLANG_WARN_UNGUARDED_AVAILABILITY = YES_AGGRESSIVE;
				CLANG_WARN_UNREACHABLE_CODE = YES;
				CLANG_WARN__DUPLICATE_METHOD_MATCH = YES;
				COPY_PHASE_STRIP = NO;
				DEBUG_INFORMATION_FORMAT = dwarf;
				ENABLE_STRICT_OBJC_MSGSEND = YES;
				ENABLE_TESTABILITY = YES;
				GCC_C_LANGUAGE_STANDARD = gnu11;
				GCC_DYNAMIC_NO_PIC = NO;
				GCC_NO_COMMON_BLOCKS = YES;
				GCC_OPTIMIZATION_LEVEL = 0;
				GCC_PREPROCESSOR_DEFINITIONS = (
					"DEBUG=1",
					"$(inherited)",
				);
				GCC_WARN_64_TO_32_BIT_CONVERSION = YES;
				GCC_WARN_ABOUT_RETURN_TYPE = YES_ERROR;
				GCC_WARN_UNDECLARED_SELECTOR = YES;
				GCC_WARN_UNINITIALIZED_AUTOS = YES_AGGRESSIVE;
				GCC_WARN_UNUSED_FUNCTION = YES;
				GCC_WARN_UNUSED_VARIABLE = YES;
				IPHONEOS_DEPLOYMENT_TARGET = 13.5;
				MTL_ENABLE_DEBUG_INFO = INCLUDE_SOURCE;
				MTL_FAST_MATH = YES;
				ONLY_ACTIVE_ARCH = YES;
				SDKROOT = iphoneos;
				SWIFT_ACTIVE_COMPILATION_CONDITIONS = DEBUG;
				SWIFT_OPTIMIZATION_LEVEL = "-Onone";
			};
			name = Debug;
		};
		97BD863424B374AC00E408DD /* Release */ = {
			isa = XCBuildConfiguration;
			buildSettings = {
				ALWAYS_SEARCH_USER_PATHS = NO;
				CLANG_ANALYZER_NONNULL = YES;
				CLANG_ANALYZER_NUMBER_OBJECT_CONVERSION = YES_AGGRESSIVE;
				CLANG_CXX_LANGUAGE_STANDARD = "gnu++14";
				CLANG_CXX_LIBRARY = "libc++";
				CLANG_ENABLE_MODULES = YES;
				CLANG_ENABLE_OBJC_ARC = YES;
				CLANG_ENABLE_OBJC_WEAK = YES;
				CLANG_WARN_BLOCK_CAPTURE_AUTORELEASING = YES;
				CLANG_WARN_BOOL_CONVERSION = YES;
				CLANG_WARN_COMMA = YES;
				CLANG_WARN_CONSTANT_CONVERSION = YES;
				CLANG_WARN_DEPRECATED_OBJC_IMPLEMENTATIONS = YES;
				CLANG_WARN_DIRECT_OBJC_ISA_USAGE = YES_ERROR;
				CLANG_WARN_DOCUMENTATION_COMMENTS = YES;
				CLANG_WARN_EMPTY_BODY = YES;
				CLANG_WARN_ENUM_CONVERSION = YES;
				CLANG_WARN_INFINITE_RECURSION = YES;
				CLANG_WARN_INT_CONVERSION = YES;
				CLANG_WARN_NON_LITERAL_NULL_CONVERSION = YES;
				CLANG_WARN_OBJC_IMPLICIT_RETAIN_SELF = YES;
				CLANG_WARN_OBJC_LITERAL_CONVERSION = YES;
				CLANG_WARN_OBJC_ROOT_CLASS = YES_ERROR;
				CLANG_WARN_RANGE_LOOP_ANALYSIS = YES;
				CLANG_WARN_STRICT_PROTOTYPES = YES;
				CLANG_WARN_SUSPICIOUS_MOVE = YES;
				CLANG_WARN_UNGUARDED_AVAILABILITY = YES_AGGRESSIVE;
				CLANG_WARN_UNREACHABLE_CODE = YES;
				CLANG_WARN__DUPLICATE_METHOD_MATCH = YES;
				COPY_PHASE_STRIP = NO;
				DEBUG_INFORMATION_FORMAT = "dwarf-with-dsym";
				ENABLE_NS_ASSERTIONS = NO;
				ENABLE_STRICT_OBJC_MSGSEND = YES;
				GCC_C_LANGUAGE_STANDARD = gnu11;
				GCC_NO_COMMON_BLOCKS = YES;
				GCC_WARN_64_TO_32_BIT_CONVERSION = YES;
				GCC_WARN_ABOUT_RETURN_TYPE = YES_ERROR;
				GCC_WARN_UNDECLARED_SELECTOR = YES;
				GCC_WARN_UNINITIALIZED_AUTOS = YES_AGGRESSIVE;
				GCC_WARN_UNUSED_FUNCTION = YES;
				GCC_WARN_UNUSED_VARIABLE = YES;
				IPHONEOS_DEPLOYMENT_TARGET = 13.5;
				MTL_ENABLE_DEBUG_INFO = NO;
				MTL_FAST_MATH = YES;
				SDKROOT = iphoneos;
				SWIFT_COMPILATION_MODE = wholemodule;
				SWIFT_OPTIMIZATION_LEVEL = "-O";
				VALIDATE_PRODUCT = YES;
			};
			name = Release;
		};
		97BD863624B374AC00E408DD /* Debug */ = {
			isa = XCBuildConfiguration;
			buildSettings = {
				ASSETCATALOG_COMPILER_APPICON_NAME = AppIcon;
				CODE_SIGN_STYLE = Automatic;
				DEVELOPMENT_ASSET_PATHS = "\"CustomActivityIndicatorSwiftUI/Preview Content\"";
				ENABLE_PREVIEWS = YES;
				INFOPLIST_FILE = CustomActivityIndicatorSwiftUI/Info.plist;
				LD_RUNPATH_SEARCH_PATHS = (
					"$(inherited)",
					"@executable_path/Frameworks",
				);
				PRODUCT_BUNDLE_IDENTIFIER = pushpank.CustomActivityIndicatorSwiftUI;
				PRODUCT_NAME = "$(TARGET_NAME)";
				SWIFT_VERSION = 5.0;
				TARGETED_DEVICE_FAMILY = "1,2";
			};
			name = Debug;
		};
		97BD863724B374AC00E408DD /* Release */ = {
			isa = XCBuildConfiguration;
			buildSettings = {
				ASSETCATALOG_COMPILER_APPICON_NAME = AppIcon;
				CODE_SIGN_STYLE = Automatic;
				DEVELOPMENT_ASSET_PATHS = "\"CustomActivityIndicatorSwiftUI/Preview Content\"";
				ENABLE_PREVIEWS = YES;
				INFOPLIST_FILE = CustomActivityIndicatorSwiftUI/Info.plist;
				LD_RUNPATH_SEARCH_PATHS = (
					"$(inherited)",
					"@executable_path/Frameworks",
				);
				PRODUCT_BUNDLE_IDENTIFIER = pushpank.CustomActivityIndicatorSwiftUI;
				PRODUCT_NAME = "$(TARGET_NAME)";
				SWIFT_VERSION = 5.0;
				TARGETED_DEVICE_FAMILY = "1,2";
			};
			name = Release;
		};
/* End XCBuildConfiguration section */

/* Begin XCConfigurationList section */
		97BD861C24B374A400E408DD /* Build configuration list for PBXProject "CustomActivityIndicatorSwiftUI" */ = {
			isa = XCConfigurationList;
			buildConfigurations = (
				97BD863324B374AC00E408DD /* Debug */,
				97BD863424B374AC00E408DD /* Release */,
			);
			defaultConfigurationIsVisible = 0;
			defaultConfigurationName = Release;
		};
		97BD863524B374AC00E408DD /* Build configuration list for PBXNativeTarget "CustomActivityIndicatorSwiftUI" */ = {
			isa = XCConfigurationList;
			buildConfigurations = (
				97BD863624B374AC00E408DD /* Debug */,
				97BD863724B374AC00E408DD /* Release */,
			);
			defaultConfigurationIsVisible = 0;
			defaultConfigurationName = Release;
		};
/* End XCConfigurationList section */
	};
	rootObject = 97BD861924B374A400E408DD /* Project object */;
}
